PATH
  remote: gems/tamoz-agent-capabilities
  specs:
    tamoz-agent-capabilities (0.1.0.alpha.1)
      tamoz-agent-kernel (= 0.1.0.alpha.1)
      tamoz-core (= 0.1.0.alpha.1)
      tamoz-mcp (= 0.1.0.alpha.1)
      tamoz-tools (= 0.1.0.alpha.1)

PATH
  remote: gems/tamoz-agent-cli
  specs:
    tamoz-agent-cli (0.1.0.alpha.1)
      tamoz-agent (= 0.1.0.alpha.1)
      tamoz-agent-capabilities (= 0.1.0.alpha.1)
      tamoz-agent-session (= 0.1.0.alpha.1)

PATH
  remote: gems/tamoz-agent-healing
  specs:
    tamoz-agent-healing (0.1.0.alpha.1)
      tamoz-agent-kernel (= 0.1.0.alpha.1)
      tamoz-core (= 0.1.0.alpha.1)
      tamoz-tools (= 0.1.0.alpha.1)

PATH
  remote: gems/tamoz-agent-improvement
  specs:
    tamoz-agent-improvement (0.1.0.alpha.1)
      tamoz-agent-kernel (= 0.1.0.alpha.1)
      tamoz-agent-memory (= 0.1.0.alpha.1)

PATH
  remote: gems/tamoz-agent-kernel
  specs:
    tamoz-agent-kernel (0.1.0.alpha.1)
      tamoz-core (= 0.1.0.alpha.1)
      tamoz-tools (= 0.1.0.alpha.1)

PATH
  remote: gems/tamoz-agent-memory
  specs:
    tamoz-agent-memory (0.1.0.alpha.1)
      tamoz-agent-kernel (= 0.1.0.alpha.1)
      tamoz-core (= 0.1.0.alpha.1)
      tamoz-sqlite (= 0.1.0.alpha.1)
      tamoz-tools (= 0.1.0.alpha.1)

PATH
  remote: gems/tamoz-agent-profile
  specs:
    tamoz-agent-profile (0.1.0.alpha.1)
      tamoz-agent-kernel (= 0.1.0.alpha.1)
      tamoz-core (= 0.1.0.alpha.1)

PATH
  remote: gems/tamoz-agent-session
  specs:
    tamoz-agent-session (0.1.0.alpha.1)
      tamoz-agent-capabilities (= 0.1.0.alpha.1)
      tamoz-agent-healing (= 0.1.0.alpha.1)
      tamoz-agent-kernel (= 0.1.0.alpha.1)
      tamoz-agent-memory (= 0.1.0.alpha.1)
      tamoz-agent-profile (= 0.1.0.alpha.1)
      tamoz-core (= 0.1.0.alpha.1)

PATH
  remote: gems/tamoz-agent
  specs:
    tamoz-agent (0.1.0.alpha.1)
      ruby_llm (~> 1.16.0)
      tamoz-agent-capabilities (= 0.1.0.alpha.1)
      tamoz-agent-healing (= 0.1.0.alpha.1)
      tamoz-agent-improvement (= 0.1.0.alpha.1)
      tamoz-agent-kernel (= 0.1.0.alpha.1)
      tamoz-agent-memory (= 0.1.0.alpha.1)
      tamoz-agent-profile (= 0.1.0.alpha.1)
      tamoz-agent-session (= 0.1.0.alpha.1)
      tamoz-approval (= 0.1.0.alpha.1)
      tamoz-comms (= 0.1.0.alpha.1)
      tamoz-graph (= 0.1.0.alpha.1)
      tamoz-observability (= 0.1.0.alpha.1)
      tamoz-sqlite (= 0.1.0.alpha.1)
      tamoz-tools (= 0.1.0.alpha.1)

PATH
  remote: gems/tamoz-approval
  specs:
    tamoz-approval (0.1.0.alpha.1)
      tamoz-core (= 0.1.0.alpha.1)

PATH
  remote: gems/tamoz-comms
  specs:
    tamoz-comms (0.1.0.alpha.1)
      tamoz-core (= 0.1.0.alpha.1)

PATH
  remote: gems/tamoz-core
  specs:
    tamoz-core (0.1.0.alpha.1)
      zeitwerk (~> 2.6)

PATH
  remote: gems/tamoz-evals
  specs:
    tamoz-evals (0.1.0.alpha.1)
      tamoz-agent (= 0.1.0.alpha.1)
      tamoz-agent-capabilities (= 0.1.0.alpha.1)
      tamoz-agent-session (= 0.1.0.alpha.1)
      tamoz-core (= 0.1.0.alpha.1)
      tamoz-graph (= 0.1.0.alpha.1)
      tamoz-mcp (= 0.1.0.alpha.1)
      tamoz-scheduler (= 0.1.0.alpha.1)
      tamoz-sqlite (= 0.1.0.alpha.1)

PATH
  remote: gems/tamoz-graph
  specs:
    tamoz-graph (0.1.0.alpha.1)
      tamoz-core (= 0.1.0.alpha.1)
      zeitwerk (~> 2.6)

PATH
  remote: gems/tamoz-mcp
  specs:
    tamoz-mcp (0.1.0.alpha.1)
      mcp (~> 1.1)
      tamoz-core (= 0.1.0.alpha.1)

PATH
  remote: gems/tamoz-observability
  specs:
    tamoz-observability (0.1.0.alpha.1)
      tamoz-core (= 0.1.0.alpha.1)

PATH
  remote: gems/tamoz-otel
  specs:
    tamoz-otel (0.1.0.alpha.1)
      tamoz-observability (= 0.1.0.alpha.1)

PATH
  remote: gems/tamoz-scheduler
  specs:
    tamoz-scheduler (0.1.0.alpha.1)
      tamoz-core (= 0.1.0.alpha.1)

PATH
  remote: gems/tamoz-sqlite
  specs:
    tamoz-sqlite (0.1.0.alpha.1)
      sqlite3 (~> 2.9)
      tamoz-approval (= 0.1.0.alpha.1)
      tamoz-graph (= 0.1.0.alpha.1)
      tamoz-scheduler (= 0.1.0.alpha.1)
      tamoz-stream (= 0.1.0.alpha.1)

PATH
  remote: gems/tamoz-stream
  specs:
    tamoz-stream (0.1.0.alpha.1)
      google-protobuf (~> 4.35)
      grpc (~> 1.83)
      tamoz-core (= 0.1.0.alpha.1)

PATH
  remote: gems/tamoz-telegram
  specs:
    tamoz-telegram (0.1.0.alpha.1)
      tamoz-comms (= 0.1.0.alpha.1)

PATH
  remote: gems/tamoz-tools
  specs:
    tamoz-tools (0.1.0.alpha.1)
      tamoz-core (= 0.1.0.alpha.1)

GEM
  remote: https://rubygems.org/
  specs:
    ast (2.4.3)
    base64 (0.3.0)
    bigdecimal (4.1.2)
    concurrent-ruby (1.3.8)
    docile (1.4.1)
    drb (2.2.3)
    dry-configurable (1.4.0)
      dry-core (~> 1.0)
      zeitwerk (~> 2.6)
    dry-core (1.2.0)
      concurrent-ruby (~> 1.0)
      logger
      zeitwerk (~> 2.6)
    dry-inflector (1.3.1)
    dry-initializer (3.2.0)
    dry-logic (1.6.0)
      bigdecimal
      concurrent-ruby (~> 1.0)
      dry-core (~> 1.1)
      zeitwerk (~> 2.6)
    dry-schema (1.16.0)
      concurrent-ruby (~> 1.0)
      dry-configurable (~> 1.0, >= 1.0.1)
      dry-core (~> 1.1)
      dry-initializer (~> 3.2)
      dry-logic (~> 1.6)
      dry-types (~> 1.9, >= 1.9.1)
      zeitwerk (~> 2.6)
    dry-types (1.9.1)
      bigdecimal (>= 3.0)
      concurrent-ruby (~> 1.0)
      dry-core (~> 1.0)
      dry-inflector (~> 1.0)
      dry-logic (~> 1.4)
      zeitwerk (~> 2.6)
    event_stream_parser (1.0.0)
    faraday (2.14.3)
      faraday-net_http (>= 2.0, < 3.5)
      json
      logger
    faraday-multipart (1.2.0)
      multipart-post (~> 2.0)
    faraday-net_http (3.4.4)
      net-http (~> 0.5)
    faraday-retry (2.4.0)
      faraday (~> 2.0)
    google-protobuf (4.35.1)
      bigdecimal
      rake (~> 13.3)
    google-protobuf (4.35.1-arm64-darwin)
      bigdecimal
      rake (~> 13.3)
    googleapis-common-protos-types (1.23.0)
      google-protobuf (~> 4.26)
    grpc (1.83.0)
      google-protobuf (>= 3.25, < 5.0)
      googleapis-common-protos-types (~> 1.0)
    grpc (1.83.0-arm64-darwin)
      google-protobuf (>= 3.25, < 5.0)
      googleapis-common-protos-types (~> 1.0)
    grpc-tools (1.83.0)
    hana (1.3.7)
    json (2.21.2)
    json_schemer (2.5.0)
      bigdecimal
      hana (~> 1.3)
      regexp_parser (~> 2.0)
      simpleidn (~> 0.2)
    language_server-protocol (3.17.0.5)
    lint_roller (1.1.0)
    logger (1.7.0)
    marcel (1.2.1)
    mcp (1.1.0)
      json_schemer (>= 2.4)
    mini_portile2 (2.8.9)
    minitest (6.0.6)
      drb (~> 2.0)
      prism (~> 1.5)
    multipart-post (2.4.1)
    net-http (0.9.1)
      uri (>= 0.11.1)
    parallel (2.1.0)
    parser (3.3.11.1)
      ast (~> 2.4.1)
      racc
    prism (1.9.0)
    racc (1.8.1)
    rainbow (3.1.1)
    rake (13.4.2)
    reek (6.5.0)
      dry-schema (~> 1.13)
      logger (~> 1.6)
      parser (~> 3.3.0)
      rainbow (>= 2.0, < 4.0)
      rexml (~> 3.1)
    regexp_parser (2.12.0)
    rexml (3.4.4)
    rubocop (1.87.0)
      json (~> 2.3)
      language_server-protocol (~> 3.17.0.2)
      lint_roller (~> 1.1.0)
      parallel (>= 1.10)
      parser (>= 3.3.0.2)
      rainbow (>= 2.2.2, < 4.0)
      regexp_parser (>= 2.9.3, < 3.0)
      rubocop-ast (>= 1.49.0, < 2.0)
      ruby-progressbar (~> 1.7)
      unicode-display_width (>= 2.4.0, < 4.0)
    rubocop-ast (1.49.1)
      parser (>= 3.3.7.2)
      prism (~> 1.7)
    rubocop-minitest (0.40.0)
      lint_roller (~> 1.1)
      rubocop (>= 1.75.0, < 2.0)
      rubocop-ast (>= 1.38.0, < 2.0)
    rubocop-performance (1.26.1)
      lint_roller (~> 1.1)
      rubocop (>= 1.75.0, < 2.0)
      rubocop-ast (>= 1.47.1, < 2.0)
    ruby-progressbar (1.13.0)
    ruby_llm (1.16.0)
      base64
      event_stream_parser (~> 1)
      faraday (>= 1.10.0)
      faraday-multipart (>= 1)
      faraday-net_http (>= 1)
      faraday-retry (>= 1)
      marcel (~> 1)
      ruby_llm-schema (~> 0)
      zeitwerk (~> 2)
    ruby_llm-schema (0.4.0)
    simplecov (0.22.0)
      docile (~> 1.1)
      simplecov-html (~> 0.11)
      simplecov_json_formatter (~> 0.1)
    simplecov-html (0.13.2)
    simplecov_json_formatter (0.1.4)
    simpleidn (0.2.3)
    sqlite3 (2.9.5)
      mini_portile2 (~> 2.8.0)
    sqlite3 (2.9.5-arm64-darwin)
    unicode-display_width (3.2.0)
      unicode-emoji (~> 4.1)
    unicode-emoji (4.2.0)
    uri (1.1.1)
    zeitwerk (2.8.2)

PLATFORMS
  arm64-darwin-25
  ruby

DEPENDENCIES
  grpc-tools (>= 1.83)
  mcp (~> 1.1)
  minitest (~> 6.0)
  rake (~> 13.2)
  reek (~> 6.5)
  rubocop (~> 1.87)
  rubocop-minitest (~> 0.38)
  rubocop-performance (~> 1.25)
  simplecov (~> 0.22)
  tamoz-agent!
  tamoz-agent-capabilities!
  tamoz-agent-cli!
  tamoz-agent-healing!
  tamoz-agent-improvement!
  tamoz-agent-kernel!
  tamoz-agent-memory!
  tamoz-agent-profile!
  tamoz-agent-session!
  tamoz-approval!
  tamoz-comms!
  tamoz-core!
  tamoz-evals!
  tamoz-graph!
  tamoz-mcp!
  tamoz-observability!
  tamoz-otel!
  tamoz-scheduler!
  tamoz-sqlite!
  tamoz-stream!
  tamoz-telegram!
  tamoz-tools!
  zeitwerk (~> 2.6)

CHECKSUMS
  ast (2.4.3) sha256=954615157c1d6a382bc27d690d973195e79db7f55e9765ac7c481c60bdb4d383
  base64 (0.3.0) sha256=27337aeabad6ffae05c265c450490628ef3ebd4b67be58257393227588f5a97b
  bigdecimal (4.1.2) sha256=53d217666027eab4280346fba98e7d5b66baaae1b9c3c1c0ffe89d48188a3fbd
  bundler (4.0.12) sha256=7f8b757d28dfb636e7b24fba2344ac6dd13b5b24f4b46d62573d483f211825ac
  concurrent-ruby (1.3.8) sha256=b2f1be836e968ccc78ccfce277ea79c72a88633f22306782c16ff23fb415d1e1
  docile (1.4.1) sha256=96159be799bfa73cdb721b840e9802126e4e03dfc26863db73647204c727f21e
  drb (2.2.3) sha256=0b00d6fdb50995fe4a45dea13663493c841112e4068656854646f418fda13373
  dry-configurable (1.4.0) sha256=e35d1b5f3c081753ef361f564919db79000f32cfa6f20ee3a3ba5921b41b73ce
  dry-core (1.2.0) sha256=0cc5a7da88df397f153947eeeae42e876e999c1e30900f3c536fb173854e96a1
  dry-inflector (1.3.1) sha256=7fb0c2bb04f67638f25c52e7ba39ab435d922a3a5c3cd196120f63accb682dcc
  dry-initializer (3.2.0) sha256=37d59798f912dc0a1efe14a4db4a9306989007b302dcd5f25d0a2a20c166c4e3
  dry-logic (1.6.0) sha256=da6fedbc0f90fc41f9b0cc7e6f05f5d529d1efaef6c8dcc8e0733f685745cea2
  dry-schema (1.16.0) sha256=cd3aaeabc0f1af66ec82a29096d4c4fb92a0a58b9dae29a22b1bbceb78985727
  dry-types (1.9.1) sha256=baebeecdb9f8395d6c9d227b62011279440943e3ef2468fe8ccc1ba11467f178
  event_stream_parser (1.0.0) sha256=a2683bab70126286f8184dc88f7968ffc4028f813161fb073ec90d171f7de3c8
  faraday (2.14.3) sha256=1882247e6766615c8220b4392bf1d27f6ebb63d8e28267587cef1fb0bf37f278
  faraday-multipart (1.2.0) sha256=7d89a949693714176f612323ca13746a2ded204031a6ba528adee788694ef757
  faraday-net_http (3.4.4) sha256=0e78af151747ed1b00f33e25973b4bc220d7f16c00c39676817c8b12331eb588
  faraday-retry (2.4.0) sha256=7b79c48fb7e56526faf247b12d94a680071ff40c9fda7cf1ec1549439ad11ebe
  google-protobuf (4.35.1) sha256=a3a6471331d918f58dfa4d014a8f6286f0af2cf4840216bde52fcf2ea3fe3726
  google-protobuf (4.35.1-arm64-darwin) sha256=d9c957df04fa89c749fa9a72a7b383eb4296efc9b2303dc6fd6fbe39c698ad6b
  googleapis-common-protos-types (1.23.0) sha256=992e740a523794d9fc5f29a504465d8fc737aaa16c930fe7228e3346860faf0a
  grpc (1.83.0) sha256=38119e7f9f7cbc98e79145201da4be470a7542b0befad454651d35015ea55c59
  grpc (1.83.0-arm64-darwin) sha256=25dd772aa80529f014d70da069787cd39b469c9edacbe493da4ff19952a147e2
  grpc-tools (1.83.0) sha256=d73ad7d181f32aa0bc53b797b55fa9eaca1c3f391bb624ac3d11f4069ce5ee9a
  hana (1.3.7) sha256=5425db42d651fea08859811c29d20446f16af196308162894db208cac5ce9b0d
  json (2.21.2) sha256=1f1d3b7cf2b3ba1a69beca0bb6db13d5438b80bff3cd54cdaaa620b9b07c1c6a
  json_schemer (2.5.0) sha256=2f01fb4cce721a4e08dd068fc2030cffd0702a7f333f1ea2be6e8991f00ae396
  language_server-protocol (3.17.0.5) sha256=fd1e39a51a28bf3eec959379985a72e296e9f9acfce46f6a79d31ca8760803cc
  lint_roller (1.1.0) sha256=2c0c845b632a7d172cb849cc90c1bce937a28c5c8ccccb50dfd46a485003cc87
  logger (1.7.0) sha256=196edec7cc44b66cfb40f9755ce11b392f21f7967696af15d274dde7edff0203
  marcel (1.2.1) sha256=1678e9360e32f9eafa917c80029e2f6d10b2715c66a4b87b6d0da9b9cd1f859f
  mcp (1.1.0) sha256=930dafc0a8f34941d210ad907dd70bf93c1763fa60b98cb9162c77263e5dac32
  mini_portile2 (2.8.9) sha256=0cd7c7f824e010c072e33f68bc02d85a00aeb6fce05bb4819c03dfd3c140c289
  minitest (6.0.6) sha256=153ea36d1d987a62942382b61075745042a2b3123b1cd48f4c3675af9cc7d6f1
  multipart-post (2.4.1) sha256=9872d03a8e552020ca096adadbf5e3cb1cd1cdd6acd3c161136b8a5737cdb4a8
  net-http (0.9.1) sha256=25ba0b67c63e89df626ed8fac771d0ad24ad151a858af2cc8e6a716ca4336996
  parallel (2.1.0) sha256=b35258865c2e31134c5ecb708beaaf6772adf9d5efae28e93e99260877b09356
  parser (3.3.11.1) sha256=d17ace7aabe3e72c3cc94043714be27cc6f852f104d81aa284c2281aecc65d54
  prism (1.9.0) sha256=7b530c6a9f92c24300014919c9dcbc055bf4cdf51ec30aed099b06cd6674ef85
  racc (1.8.1) sha256=4a7f6929691dbec8b5209a0b373bc2614882b55fc5d2e447a21aaa691303d62f
  rainbow (3.1.1) sha256=039491aa3a89f42efa1d6dec2fc4e62ede96eb6acd95e52f1ad581182b79bc6a
  rake (13.4.2) sha256=cb825b2bd5f1f8e91ca37bddb4b9aaf345551b4731da62949be002fa89283701
  reek (6.5.0) sha256=d26d3a492773b2bbc228888067a21afe33ac07954a17dbd64cdeae42c4c69be1
  regexp_parser (2.12.0) sha256=35a916a1d63190ab5c9009457136ae5f3c0c7512d60291d0d1378ba18ce08ebb
  rexml (3.4.4) sha256=19e0a2c3425dfbf2d4fc1189747bdb2f849b6c5e74180401b15734bc97b5d142
  rubocop (1.87.0) sha256=b9d9ddf55116a513f8ef2c7ae660662d8b49301f118d3f0df61865b33a5c188d
  rubocop-ast (1.49.1) sha256=4412f3ee70f6fe4546cc489548e0f6fcf76cafcfa80fa03af67098ffed755035
  rubocop-minitest (0.40.0) sha256=353c698199115f12151144cf0b5a96f69bb9d77b660cf6536df2c4250c672a9d
  rubocop-performance (1.26.1) sha256=cd19b936ff196df85829d264b522fd4f98b6c89ad271fa52744a8c11b8f71834
  ruby-progressbar (1.13.0) sha256=80fc9c47a9b640d6834e0dc7b3c94c9df37f08cb072b7761e4a71e22cff29b33
  ruby_llm (1.16.0) sha256=26bd5310cf2ce55f74a60f8aae0b0d0327b586ff4532c84828103c3b2b905a18
  ruby_llm-schema (0.4.0) sha256=e930f5a5316f9301bff3fb7fe572e44727d05bb8e50621001bbb49a47d63b8da
  simplecov (0.22.0) sha256=fe2622c7834ff23b98066bb0a854284b2729a569ac659f82621fc22ef36213a5
  simplecov-html (0.13.2) sha256=bd0b8e54e7c2d7685927e8d6286466359b6f16b18cb0df47b508e8d73c777246
  simplecov_json_formatter (0.1.4) sha256=529418fbe8de1713ac2b2d612aa3daa56d316975d307244399fa4838c601b428
  simpleidn (0.2.3) sha256=08ce96f03fa1605286be22651ba0fc9c0b2d6272c9b27a260bc88be05b0d2c29
  sqlite3 (2.9.5) sha256=04572973a3f943ad50a8adfffc8dd752a5f06e4c3db2026f71838fed8a982606
  sqlite3 (2.9.5-arm64-darwin) sha256=d0cf444a70fc9395d513cfbcc1e6719e224aa645314e3824cb0474c721425aa2
  tamoz-agent (0.1.0.alpha.1)
  tamoz-agent-capabilities (0.1.0.alpha.1)
  tamoz-agent-cli (0.1.0.alpha.1)
  tamoz-agent-healing (0.1.0.alpha.1)
  tamoz-agent-improvement (0.1.0.alpha.1)
  tamoz-agent-kernel (0.1.0.alpha.1)
  tamoz-agent-memory (0.1.0.alpha.1)
  tamoz-agent-profile (0.1.0.alpha.1)
  tamoz-agent-session (0.1.0.alpha.1)
  tamoz-approval (0.1.0.alpha.1)
  tamoz-comms (0.1.0.alpha.1)
  tamoz-core (0.1.0.alpha.1)
  tamoz-evals (0.1.0.alpha.1)
  tamoz-graph (0.1.0.alpha.1)
  tamoz-mcp (0.1.0.alpha.1)
  tamoz-observability (0.1.0.alpha.1)
  tamoz-otel (0.1.0.alpha.1)
  tamoz-scheduler (0.1.0.alpha.1)
  tamoz-sqlite (0.1.0.alpha.1)
  tamoz-stream (0.1.0.alpha.1)
  tamoz-telegram (0.1.0.alpha.1)
  tamoz-tools (0.1.0.alpha.1)
  unicode-display_width (3.2.0) sha256=0cdd96b5681a5949cdbc2c55e7b420facae74c4aaf9a9815eee1087cb1853c42
  unicode-emoji (4.2.0) sha256=519e69150f75652e40bf736106cfbc8f0f73aa3fb6a65afe62fefa7f80b0f80f
  uri (1.1.1) sha256=379fa58d27ffb1387eaada68c749d1426738bd0f654d812fcc07e7568f5c57c6
  zeitwerk (2.8.2) sha256=7212a61311083c604184b1ea2574b9aa05cd14f855a0841c06985cabe9181d12

RUBY VERSION
  ruby 3.3.11

BUNDLED WITH
  4.0.12
